// !$*UTF8*$!
{
	archiveVersion = 1;
	classes = {
	};
	objectVersion = 50;
	objects = {

/* Begin PBXBuildFile section */
		BF24B78124B8E77400148FDE /* AppDelegate.swift in Sources */ = {isa = PBXBuildFile; fileRef = BF24B78024B8E77400148FDE /* AppDelegate.swift */; };
		BF24B78324B8E77400148FDE /* SceneDelegate.swift in Sources */ = {isa = PBXBuildFile; fileRef = BF24B78224B8E77400148FDE /* SceneDelegate.swift */; };
		BF24B78524B8E77400148FDE /* LoginViewController.swift in Sources */ = {isa = PBXBuildFile; fileRef = BF24B78424B8E77400148FDE /* LoginViewController.swift */; };
		BF24B78824B8E77400148FDE /* Main.storyboard in Resources */ = {isa = PBXBuildFile; fileRef = BF24B78624B8E77400148FDE /* Main.storyboard */; };
		BF24B78B24B8E77400148FDE /* OnTheMap.xcdatamodeld in Sources */ = {isa = PBXBuildFile; fileRef = BF24B78924B8E77400148FDE /* OnTheMap.xcdatamodeld */; };
		BF24B78D24B8E77700148FDE /* Assets.xcassets in Resources */ = {isa = PBXBuildFile; fileRef = BF24B78C24B8E77700148FDE /* Assets.xcassets */; };
		BF24B79024B8E77700148FDE /* LaunchScreen.storyboard in Resources */ = {isa = PBXBuildFile; fileRef = BF24B78E24B8E77700148FDE /* LaunchScreen.storyboard */; };
		BF24B79B24B8E77800148FDE /* OnTheMapTests.swift in Sources */ = {isa = PBXBuildFile; fileRef = BF24B79A24B8E77800148FDE /* OnTheMapTests.swift */; };
		BF24B7A624B8E77800148FDE /* OnTheMapUITests.swift in Sources */ = {isa = PBXBuildFile; fileRef = BF24B7A524B8E77800148FDE /* OnTheMapUITests.swift */; };
		BF24B7B424B9F00E00148FDE /* API.swift in Sources */ = {isa = PBXBuildFile; fileRef = BF24B7B324B9F00E00148FDE /* API.swift */; };
		BF24B7B624BB1A0F00148FDE /* UserInformation.swift in Sources */ = {isa = PBXBuildFile; fileRef = BF24B7B524BB1A0F00148FDE /* UserInformation.swift */; };
		BF24B7B924BB1D2A00148FDE /* LocationsData.swift in Sources */ = {isa = PBXBuildFile; fileRef = BF24B7B824BB1D2A00148FDE /* LocationsData.swift */; };
		BF24B7BB24BB3B7700148FDE /* MapViewController.swift in Sources */ = {isa = PBXBuildFile; fileRef = BF24B7BA24BB3B7700148FDE /* MapViewController.swift */; };
		BF24B7BD24BCE81000148FDE /* locationDataViewController.swift in Sources */ = {isa = PBXBuildFile; fileRef = BF24B7BC24BCE81000148FDE /* locationDataViewController.swift */; };
		BF24B7BF24BCF16B00148FDE /* tableViewController.swift in Sources */ = {isa = PBXBuildFile; fileRef = BF24B7BE24BCF16B00148FDE /* tableViewController.swift */; };
		BF24B7C124BCF41900148FDE /* TableViewCell.swift in Sources */ = {isa = PBXBuildFile; fileRef = BF24B7C024BCF41900148FDE /* TableViewCell.swift */; };
		BF24B7C524BE4FE600148FDE /* AddLocationViewController.swift in Sources */ = {isa = PBXBuildFile; fileRef = BF24B7C424BE4FE600148FDE /* AddLocationViewController.swift */; };
		BF24B7C724BF8AF600148FDE /* ConfirmLocationViewController.swift in Sources */ = {isa = PBXBuildFile; fileRef = BF24B7C624BF8AF600148FDE /* ConfirmLocationViewController.swift */; };
/* End PBXBuildFile section */

/* Begin PBXContainerItemProxy section */
		BF24B79724B8E77800148FDE /* PBXContainerItemProxy */ = {
			isa = PBXContainerItemProxy;
			containerPortal = BF24B77524B8E77400148FDE /* Project object */;
			proxyType = 1;
			remoteGlobalIDString = BF24B77C24B8E77400148FDE;
			remoteInfo = OnTheMap;
		};
		BF24B7A224B8E77800148FDE /* PBXContainerItemProxy */ = {
			isa = PBXContainerItemProxy;
			containerPortal = BF24B77524B8E77400148FDE /* Project object */;
			proxyType = 1;
			remoteGlobalIDString = BF24B77C24B8E77400148FDE;
			remoteInfo = OnTheMap;
		};
/* End PBXContainerItemProxy section */

/* Begin PBXFileReference section */
		BF24B77D24B8E77400148FDE /* OnTheMap.app */ = {isa = PBXFileReference; explicitFileType = wrapper.application; includeInIndex = 0; path = OnTheMap.app; sourceTree = BUILT_PRODUCTS_DIR; };
		BF24B78024B8E77400148FDE /* AppDelegate.swift */ = {isa = PBXFileReference; lastKnownFileType = sourcecode.swift; path = AppDelegate.swift; sourceTree = "<group>"; };
		BF24B78224B8E77400148FDE /* SceneDelegate.swift */ = {isa = PBXFileReference; lastKnownFileType = sourcecode.swift; path = SceneDelegate.swift; sourceTree = "<group>"; };
		BF24B78424B8E77400148FDE /* LoginViewController.swift */ = {isa = PBXFileReference; lastKnownFileType = sourcecode.swift; path = LoginViewController.swift; sourceTree = "<group>"; };
		BF24B78724B8E77400148FDE /* Base */ = {isa = PBXFileReference; lastKnownFileType = file.storyboard; name = Base; path = Base.lproj/Main.storyboard; sourceTree = "<group>"; };
		BF24B78A24B8E77400148FDE /* OnTheMap.xcdatamodel */ = {isa = PBXFileReference; lastKnownFileType = wrapper.xcdatamodel; path = OnTheMap.xcdatamodel; sourceTree = "<group>"; };
		BF24B78C24B8E77700148FDE /* Assets.xcassets */ = {isa = PBXFileReference; lastKnownFileType = folder.assetcatalog; path = Assets.xcassets; sourceTree = "<group>"; };
		BF24B78F24B8E77700148FDE /* Base */ = {isa = PBXFileReference; lastKnownFileType = file.storyboard; name = Base; path = Base.lproj/LaunchScreen.storyboard; sourceTree = "<group>"; };
		BF24B79124B8E77700148FDE /* Info.plist */ = {isa = PBXFileReference; lastKnownFileType = text.plist.xml; path = Info.plist; sourceTree = "<group>"; };
		BF24B79624B8E77800148FDE /* OnTheMapTests.xctest */ = {isa = PBXFileReference; explicitFileType = wrapper.cfbundle; includeInIndex = 0; path = OnTheMapTests.xctest; sourceTree = BUILT_PRODUCTS_DIR; };
		BF24B79A24B8E77800148FDE /* OnTheMapTests.swift */ = {isa = PBXFileReference; lastKnownFileType = sourcecode.swift; path = OnTheMapTests.swift; sourceTree = "<group>"; };
		BF24B79C24B8E77800148FDE /* Info.plist */ = {isa = PBXFileReference; lastKnownFileType = text.plist.xml; path = Info.plist; sourceTree = "<group>"; };
		BF24B7A124B8E77800148FDE /* OnTheMapUITests.xctest */ = {isa = PBXFileReference; explicitFileType = wrapper.cfbundle; includeInIndex = 0; path = OnTheMapUITests.xctest; sourceTree = BUILT_PRODUCTS_DIR; };
		BF24B7A524B8E77800148FDE /* OnTheMapUITests.swift */ = {isa = PBXFileReference; lastKnownFileType = sourcecode.swift; path = OnTheMapUITests.swift; sourceTree = "<group>"; };
		BF24B7A724B8E77800148FDE /* Info.plist */ = {isa = PBXFileReference; lastKnownFileType = text.plist.xml; path = Info.plist; sourceTree = "<group>"; };
		BF24B7B324B9F00E00148FDE /* API.swift */ = {isa = PBXFileReference; lastKnownFileType = sourcecode.swift; path = API.swift; sourceTree = "<group>"; };
		BF24B7B524BB1A0F00148FDE /* UserInformation.swift */ = {isa = PBXFileReference; lastKnownFileType = sourcecode.swift; path = UserInformation.swift; sourceTree = "<group>"; };
		BF24B7B824BB1D2A00148FDE /* LocationsData.swift */ = {isa = PBXFileReference; lastKnownFileType = sourcecode.swift; path = LocationsData.swift; sourceTree = "<group>"; };
		BF24B7BA24BB3B7700148FDE /* MapViewController.swift */ = {isa = PBXFileReference; lastKnownFileType = sourcecode.swift; path = MapViewController.swift; sourceTree = "<group>"; };
		BF24B7BC24BCE81000148FDE /* locationDataViewController.swift */ = {isa = PBXFileReference; lastKnownFileType = sourcecode.swift; path = locationDataViewController.swift; sourceTree = "<group>"; };
		BF24B7BE24BCF16B00148FDE /* tableViewController.swift */ = {isa = PBXFileReference; lastKnownFileType = sourcecode.swift; path = tableViewController.swift; sourceTree = "<group>"; };
		BF24B7C024BCF41900148FDE /* TableViewCell.swift */ = {isa = PBXFileReference; lastKnownFileType = sourcecode.swift; path = TableViewCell.swift; sourceTree = "<group>"; };
		BF24B7C424BE4FE600148FDE /* AddLocationViewController.swift */ = {isa = PBXFileReference; lastKnownFileType = sourcecode.swift; path = AddLocationViewController.swift; sourceTree = "<group>"; };
		BF24B7C624BF8AF600148FDE /* ConfirmLocationViewController.swift */ = {isa = PBXFileReference; lastKnownFileType = sourcecode.swift; path = ConfirmLocationViewController.swift; sourceTree = "<group>"; };
/* End PBXFileReference section */

/* Begin PBXFrameworksBuildPhase section */
		BF24B77A24B8E77400148FDE /* Frameworks */ = {
			isa = PBXFrameworksBuildPhase;
			buildActionMask = 2147483647;
			files = (
			);
			runOnlyForDeploymentPostprocessing = 0;
		};
		BF24B79324B8E77800148FDE /* Frameworks */ = {
			isa = PBXFrameworksBuildPhase;
			buildActionMask = 2147483647;
			files = (
			);
			runOnlyForDeploymentPostprocessing = 0;
		};
		BF24B79E24B8E77800148FDE /* Frameworks */ = {
			isa = PBXFrameworksBuildPhase;
			buildActionMask = 2147483647;
			files = (
			);
			runOnlyForDeploymentPostprocessing = 0;
		};
/* End PBXFrameworksBuildPhase section */

/* Begin PBXGroup section */
		BF24B77424B8E77400148FDE = {
			isa = PBXGroup;
			children = (
				BF24B77F24B8E77400148FDE /* OnTheMap */,
				BF24B79924B8E77800148FDE /* OnTheMapTests */,
				BF24B7A424B8E77800148FDE /* OnTheMapUITests */,
				BF24B77E24B8E77400148FDE /* Products */,
			);
			sourceTree = "<group>";
		};
		BF24B77E24B8E77400148FDE /* Products */ = {
			isa = PBXGroup;
			children = (
				BF24B77D24B8E77400148FDE /* OnTheMap.app */,
				BF24B79624B8E77800148FDE /* OnTheMapTests.xctest */,
				BF24B7A124B8E77800148FDE /* OnTheMapUITests.xctest */,
			);
			name = Products;
			sourceTree = "<group>";
		};
		BF24B77F24B8E77400148FDE /* OnTheMap */ = {
			isa = PBXGroup;
			children = (
				BF24B78024B8E77400148FDE /* AppDelegate.swift */,
				BF24B78224B8E77400148FDE /* SceneDelegate.swift */,
				BF24B78424B8E77400148FDE /* LoginViewController.swift */,
				BF24B7BA24BB3B7700148FDE /* MapViewController.swift */,
				BF24B7BC24BCE81000148FDE /* locationDataViewController.swift */,
				BF24B7C424BE4FE600148FDE /* AddLocationViewController.swift */,
				BF24B7BE24BCF16B00148FDE /* tableViewController.swift */,
				BF24B7C624BF8AF600148FDE /* ConfirmLocationViewController.swift */,
				BF24B7C024BCF41900148FDE /* TableViewCell.swift */,
				BF24B78624B8E77400148FDE /* Main.storyboard */,
				BF24B78C24B8E77700148FDE /* Assets.xcassets */,
				BF24B78E24B8E77700148FDE /* LaunchScreen.storyboard */,
				BF24B79124B8E77700148FDE /* Info.plist */,
				BF24B78924B8E77400148FDE /* OnTheMap.xcdatamodeld */,
				BF24B7B724BB1CEF00148FDE /* API */,
			);
			path = OnTheMap;
			sourceTree = "<group>";
		};
		BF24B79924B8E77800148FDE /* OnTheMapTests */ = {
			isa = PBXGroup;
			children = (
				BF24B79A24B8E77800148FDE /* OnTheMapTests.swift */,
				BF24B79C24B8E77800148FDE /* Info.plist */,
			);
			path = OnTheMapTests;
			sourceTree = "<group>";
		};
		BF24B7A424B8E77800148FDE /* OnTheMapUITests */ = {
			isa = PBXGroup;
			children = (
				BF24B7A524B8E77800148FDE /* OnTheMapUITests.swift */,
				BF24B7A724B8E77800148FDE /* Info.plist */,
			);
			path = OnTheMapUITests;
			sourceTree = "<group>";
		};
		BF24B7B724BB1CEF00148FDE /* API */ = {
			isa = PBXGroup;
			children = (
				BF24B7B324B9F00E00148FDE /* API.swift */,
				BF24B7B524BB1A0F00148FDE /* UserInformation.swift */,
				BF24B7B824BB1D2A00148FDE /* LocationsData.swift */,
			);
			path = API;
			sourceTree = "<group>";
		};
/* End PBXGroup section */

/* Begin PBXNativeTarget section */
		BF24B77C24B8E77400148FDE /* OnTheMap */ = {
			isa = PBXNativeTarget;
			buildConfigurationList = BF24B7AA24B8E77800148FDE /* Build configuration list for PBXNativeTarget "OnTheMap" */;
			buildPhases = (
				BF24B77924B8E77400148FDE /* Sources */,
				BF24B77A24B8E77400148FDE /* Frameworks */,
				BF24B77B24B8E77400148FDE /* Resources */,
			);
			buildRules = (
			);
			dependencies = (
			);
			name = OnTheMap;
			productName = OnTheMap;
			productReference = BF24B77D24B8E77400148FDE /* OnTheMap.app */;
			productType = "com.apple.product-type.application";
		};
		BF24B79524B8E77800148FDE /* OnTheMapTests */ = {
			isa = PBXNativeTarget;
			buildConfigurationList = BF24B7AD24B8E77800148FDE /* Build configuration list for PBXNativeTarget "OnTheMapTests" */;
			buildPhases = (
				BF24B79224B8E77800148FDE /* Sources */,
				BF24B79324B8E77800148FDE /* Frameworks */,
				BF24B79424B8E77800148FDE /* Resources */,
			);
			buildRules = (
			);
			dependencies = (
				BF24B79824B8E77800148FDE /* PBXTargetDependency */,
			);
			name = OnTheMapTests;
			productName = OnTheMapTests;
			productReference = BF24B79624B8E77800148FDE /* OnTheMapTests.xctest */;
			productType = "com.apple.product-type.bundle.unit-test";
		};
		BF24B7A024B8E77800148FDE /* OnTheMapUITests */ = {
			isa = PBXNativeTarget;
			buildConfigurationList = BF24B7B024B8E77800148FDE /* Build configuration list for PBXNativeTarget "OnTheMapUITests" */;
			buildPhases = (
				BF24B79D24B8E77800148FDE /* Sources */,
				BF24B79E24B8E77800148FDE /* Frameworks */,
				BF24B79F24B8E77800148FDE /* Resources */,
			);
			buildRules = (
			);
			dependencies = (
				BF24B7A324B8E77800148FDE /* PBXTargetDependency */,
			);
			name = OnTheMapUITests;
			productName = OnTheMapUITests;
			productReference = BF24B7A124B8E77800148FDE /* OnTheMapUITests.xctest */;
			productType = "com.apple.product-type.bundle.ui-testing";
		};
/* End PBXNativeTarget section */

/* Begin PBXProject section */
		BF24B77524B8E77400148FDE /* Project object */ = {
			isa = PBXProject;
			attributes = {
				LastSwiftUpdateCheck = 1130;
				LastUpgradeCheck = 1130;
				ORGANIZATIONNAME = AbdulkarimAlotaibi;
				TargetAttributes = {
					BF24B77C24B8E77400148FDE = {
						CreatedOnToolsVersion = 11.3.1;
					};
					BF24B79524B8E77800148FDE = {
						CreatedOnToolsVersion = 11.3.1;
						TestTargetID = BF24B77C24B8E77400148FDE;
					};
					BF24B7A024B8E77800148FDE = {
						CreatedOnToolsVersion = 11.3.1;
						TestTargetID = BF24B77C24B8E77400148FDE;
					};
				};
			};
			buildConfigurationList = BF24B77824B8E77400148FDE /* Build configuration list for PBXProject "OnTheMap" */;
			compatibilityVersion = "Xcode 9.3";
			developmentRegion = en;
			hasScannedForEncodings = 0;
			knownRegions = (
				en,
				Base,
			);
			mainGroup = BF24B77424B8E77400148FDE;
			productRefGroup = BF24B77E24B8E77400148FDE /* Products */;
			projectDirPath = "";
			projectRoot = "";
			targets = (
				BF24B77C24B8E77400148FDE /* OnTheMap */,
				BF24B79524B8E77800148FDE /* OnTheMapTests */,
				BF24B7A024B8E77800148FDE /* OnTheMapUITests */,
			);
		};
/* End PBXProject section */

/* Begin PBXResourcesBuildPhase section */
		BF24B77B24B8E77400148FDE /* Resources */ = {
			isa = PBXResourcesBuildPhase;
			buildActionMask = 2147483647;
			files = (
				BF24B79024B8E77700148FDE /* LaunchScreen.storyboard in Resources */,
				BF24B78D24B8E77700148FDE /* Assets.xcassets in Resources */,
				BF24B78824B8E77400148FDE /* Main.storyboard in Resources */,
			);
			runOnlyForDeploymentPostprocessing = 0;
		};
		BF24B79424B8E77800148FDE /* Resources */ = {
			isa = PBXResourcesBuildPhase;
			buildActionMask = 2147483647;
			files = (
			);
			runOnlyForDeploymentPostprocessing = 0;
		};
		BF24B79F24B8E77800148FDE /* Resources */ = {
			isa = PBXResourcesBuildPhase;
			buildActionMask = 2147483647;
			files = (
			);
			runOnlyForDeploymentPostprocessing = 0;
		};
/* End PBXResourcesBuildPhase section */

/* Begin PBXSourcesBuildPhase section */
		BF24B77924B8E77400148FDE /* Sources */ = {
			isa = PBXSourcesBuildPhase;
			buildActionMask = 2147483647;
			files = (
				BF24B7B924BB1D2A00148FDE /* LocationsData.swift in Sources */,
				BF24B78524B8E77400148FDE /* LoginViewController.swift in Sources */,
				BF24B7BD24BCE81000148FDE /* locationDataViewController.swift in Sources */,
				BF24B78B24B8E77400148FDE /* OnTheMap.xcdatamodeld in Sources */,
				BF24B78124B8E77400148FDE /* AppDelegate.swift in Sources */,
				BF24B7C724BF8AF600148FDE /* ConfirmLocationViewController.swift in Sources */,
				BF24B78324B8E77400148FDE /* SceneDelegate.swift in Sources */,
				BF24B7C124BCF41900148FDE /* TableViewCell.swift in Sources */,
				BF24B7C524BE4FE600148FDE /* AddLocationViewController.swift in Sources */,
				BF24B7B624BB1A0F00148FDE /* UserInformation.swift in Sources */,
				BF24B7B424B9F00E00148FDE /* API.swift in Sources */,
				BF24B7BB24BB3B7700148FDE /* MapViewController.swift in Sources */,
				BF24B7BF24BCF16B00148FDE /* tableViewController.swift in Sources */,
			);
			runOnlyForDeploymentPostprocessing = 0;
		};
		BF24B79224B8E77800148FDE /* Sources */ = {
			isa = PBXSourcesBuildPhase;
			buildActionMask = 2147483647;
			files = (
				BF24B79B24B8E77800148FDE /* OnTheMapTests.swift in Sources */,
			);
			runOnlyForDeploymentPostprocessing = 0;
		};
		BF24B79D24B8E77800148FDE /* Sources */ = {
			isa = PBXSourcesBuildPhase;
			buildActionMask = 2147483647;
			files = (
				BF24B7A624B8E77800148FDE /* OnTheMapUITests.swift in Sources */,
			);
			runOnlyForDeploymentPostprocessing = 0;
		};
/* End PBXSourcesBuildPhase section */

/* Begin PBXTargetDependency section */
		BF24B79824B8E77800148FDE /* PBXTargetDependency */ = {
			isa = PBXTargetDependency;
			target = BF24B77C24B8E77400148FDE /* OnTheMap */;
			targetProxy = BF24B79724B8E77800148FDE /* PBXContainerItemProxy */;
		};
		BF24B7A324B8E77800148FDE /* PBXTargetDependency */ = {
			isa = PBXTargetDependency;
			target = BF24B77C24B8E77400148FDE /* OnTheMap */;
			targetProxy = BF24B7A224B8E77800148FDE /* PBXContainerItemProxy */;
		};
/* End PBXTargetDependency section */

/* Begin PBXVariantGroup section */
		BF24B78624B8E77400148FDE /* Main.storyboard */ = {
			isa = PBXVariantGroup;
			children = (
				BF24B78724B8E77400148FDE /* Base */,
			);
			name = Main.storyboard;
			sourceTree = "<group>";
		};
		BF24B78E24B8E77700148FDE /* LaunchScreen.storyboard */ = {
			isa = PBXVariantGroup;
			children = (
				BF24B78F24B8E77700148FDE /* Base */,
			);
			name = LaunchScreen.storyboard;
			sourceTree = "<group>";
		};
/* End PBXVariantGroup section */

/* Begin XCBuildConfiguration section */
		BF24B7A824B8E77800148FDE /* Debug */ = {
			isa = XCBuildConfiguration;
			buildSettings = {
				ALWAYS_SEARCH_USER_PATHS = NO;
				CLANG_ANALYZER_NONNULL = YES;
				CLANG_ANALYZER_NUMBER_OBJECT_CONVERSION = YES_AGGRESSIVE;
				CLANG_CXX_LANGUAGE_STANDARD = "gnu++14";
				CLANG_CXX_LIBRARY = "libc++";
				CLANG_ENABLE_MODULES = YES;
				CLANG_ENABLE_OBJC_ARC = YES;
				CLANG_ENABLE_OBJC_WEAK = YES;
				CLANG_WARN_BLOCK_CAPTURE_AUTORELEASING = YES;
				CLANG_WARN_BOOL_CONVERSION = YES;
				CLANG_WARN_COMMA = YES;
				CLANG_WARN_CONSTANT_CONVERSION = YES;
				CLANG_WARN_DEPRECATED_OBJC_IMPLEMENTATIONS = YES;
				CLANG_WARN_DIRECT_OBJC_ISA_USAGE = YES_ERROR;
				CLANG_WARN_DOCUMENTATION_COMMENTS = YES;
				CLANG_WARN_EMPTY_BODY = YES;
				CLANG_WARN_ENUM_CONVERSION = YES;
				CLANG_WARN_INFINITE_RECURSION = YES;
				CLANG_WARN_INT_CONVERSION = YES;
				CLANG_WARN_NON_LITERAL_NULL_CONVERSION = YES;
				CLANG_WARN_OBJC_IMPLICIT_RETAIN_SELF = YES;
				CLANG_WARN_OBJC_LITERAL_CONVERSION = YES;
				CLANG_WARN_OBJC_ROOT_CLASS = YES_ERROR;
				CLANG_WARN_RANGE_LOOP_ANALYSIS = YES;
				CLANG_WARN_STRICT_PROTOTYPES = YES;
				CLANG_WARN_SUSPICIOUS_MOVE = YES;
				CLANG_WARN_UNGUARDED_AVAILABILITY = YES_AGGRESSIVE;
				CLANG_WARN_UNREACHABLE_CODE = YES;
				CLANG_WARN__DUPLICATE_METHOD_MATCH = YES;
				COPY_PHASE_STRIP = NO;
				DEBUG_INFORMATION_FORMAT = dwarf;
				ENABLE_STRICT_OBJC_MSGSEND = YES;
				ENABLE_TESTABILITY = YES;
				GCC_C_LANGUAGE_STANDARD = gnu11;
				GCC_DYNAMIC_NO_PIC = NO;
				GCC_NO_COMMON_BLOCKS = YES;
				GCC_OPTIMIZATION_LEVEL = 0;
				GCC_PREPROCESSOR_DEFINITIONS = (
					"DEBUG=1",
					"$(inherited)",
				);
				GCC_WARN_64_TO_32_BIT_CONVERSION = YES;
				GCC_WARN_ABOUT_RETURN_TYPE = YES_ERROR;
				GCC_WARN_UNDECLARED_SELECTOR = YES;
				GCC_WARN_UNINITIALIZED_AUTOS = YES_AGGRESSIVE;
				GCC_WARN_UNUSED_FUNCTION = YES;
				GCC_WARN_UNUSED_VARIABLE = YES;
				IPHONEOS_DEPLOYMENT_TARGET = 13.2;
				MTL_ENABLE_DEBUG_INFO = INCLUDE_SOURCE;
				MTL_FAST_MATH = YES;
				ONLY_ACTIVE_ARCH = YES;
				SDKROOT = iphoneos;
				SWIFT_ACTIVE_COMPILATION_CONDITIONS = DEBUG;
				SWIFT_OPTIMIZATION_LEVEL = "-Onone";
			};
			name = Debug;
		};
		BF24B7A924B8E77800148FDE /* Release */ = {
			isa = XCBuildConfiguration;
			buildSettings = {
				ALWAYS_SEARCH_USER_PATHS = NO;
				CLANG_ANALYZER_NONNULL = YES;
				CLANG_ANALYZER_NUMBER_OBJECT_CONVERSION = YES_AGGRESSIVE;
				CLANG_CXX_LANGUAGE_STANDARD = "gnu++14";
				CLANG_CXX_LIBRARY = "libc++";
				CLANG_ENABLE_MODULES = YES;
				CLANG_ENABLE_OBJC_ARC = YES;
				CLANG_ENABLE_OBJC_WEAK = YES;
				CLANG_WARN_BLOCK_CAPTURE_AUTORELEASING = YES;
				CLANG_WARN_BOOL_CONVERSION = YES;
				CLANG_WARN_COMMA = YES;
				CLANG_WARN_CONSTANT_CONVERSION = YES;
				CLANG_WARN_DEPRECATED_OBJC_IMPLEMENTATIONS = YES;
				CLANG_WARN_DIRECT_OBJC_ISA_USAGE = YES_ERROR;
				CLANG_WARN_DOCUMENTATION_COMMENTS = YES;
				CLANG_WARN_EMPTY_BODY = YES;
				CLANG_WARN_ENUM_CONVERSION = YES;
				CLANG_WARN_INFINITE_RECURSION = YES;
				CLANG_WARN_INT_CONVERSION = YES;
				CLANG_WARN_NON_LITERAL_NULL_CONVERSION = YES;
				CLANG_WARN_OBJC_IMPLICIT_RETAIN_SELF = YES;
				CLANG_WARN_OBJC_LITERAL_CONVERSION = YES;
				CLANG_WARN_OBJC_ROOT_CLASS = YES_ERROR;
				CLANG_WARN_RANGE_LOOP_ANALYSIS = YES;
				CLANG_WARN_STRICT_PROTOTYPES = YES;
				CLANG_WARN_SUSPICIOUS_MOVE = YES;
				CLANG_WARN_UNGUARDED_AVAILABILITY = YES_AGGRESSIVE;
				CLANG_WARN_UNREACHABLE_CODE = YES;
				CLANG_WARN__DUPLICATE_METHOD_MATCH = YES;
				COPY_PHASE_STRIP = NO;
				DEBUG_INFORMATION_FORMAT = "dwarf-with-dsym";
				ENABLE_NS_ASSERTIONS = NO;
				ENABLE_STRICT_OBJC_MSGSEND = YES;
				GCC_C_LANGUAGE_STANDARD = gnu11;
				GCC_NO_COMMON_BLOCKS = YES;
				GCC_WARN_64_TO_32_BIT_CONVERSION = YES;
				GCC_WARN_ABOUT_RETURN_TYPE = YES_ERROR;
				GCC_WARN_UNDECLARED_SELECTOR = YES;
				GCC_WARN_UNINITIALIZED_AUTOS = YES_AGGRESSIVE;
				GCC_WARN_UNUSED_FUNCTION = YES;
				GCC_WARN_UNUSED_VARIABLE = YES;
				IPHONEOS_DEPLOYMENT_TARGET = 13.2;
				MTL_ENABLE_DEBUG_INFO = NO;
				MTL_FAST_MATH = YES;
				SDKROOT = iphoneos;
				SWIFT_COMPILATION_MODE = wholemodule;
				SWIFT_OPTIMIZATION_LEVEL = "-O";
				VALIDATE_PRODUCT = YES;
			};
			name = Release;
		};
		BF24B7AB24B8E77800148FDE /* Debug */ = {
			isa = XCBuildConfiguration;
			buildSettings = {
				ASSETCATALOG_COMPILER_APPICON_NAME = AppIcon;
				CODE_SIGN_STYLE = Automatic;
				DEVELOPMENT_TEAM = 94YR9P5NL6;
				INFOPLIST_FILE = OnTheMap/Info.plist;
				LD_RUNPATH_SEARCH_PATHS = (
					"$(inherited)",
					"@executable_path/Frameworks",
				);
				PRODUCT_BUNDLE_IDENTIFIER = com.OnTheMap.OnTheMap;
				PRODUCT_NAME = "$(TARGET_NAME)";
				SWIFT_VERSION = 5.0;
				TARGETED_DEVICE_FAMILY = "1,2";
			};
			name = Debug;
		};
		BF24B7AC24B8E77800148FDE /* Release */ = {
			isa = XCBuildConfiguration;
			buildSettings = {
				ASSETCATALOG_COMPILER_APPICON_NAME = AppIcon;
				CODE_SIGN_STYLE = Automatic;
				DEVELOPMENT_TEAM = 94YR9P5NL6;
				INFOPLIST_FILE = OnTheMap/Info.plist;
				LD_RUNPATH_SEARCH_PATHS = (
					"$(inherited)",
					"@executable_path/Frameworks",
				);
				PRODUCT_BUNDLE_IDENTIFIER = com.OnTheMap.OnTheMap;
				PRODUCT_NAME = "$(TARGET_NAME)";
				SWIFT_VERSION = 5.0;
				TARGETED_DEVICE_FAMILY = "1,2";
			};
			name = Release;
		};
		BF24B7AE24B8E77800148FDE /* Debug */ = {
			isa = XCBuildConfiguration;
			buildSettings = {
				ALWAYS_EMBED_SWIFT_STANDARD_LIBRARIES = YES;
				BUNDLE_LOADER = "$(TEST_HOST)";
				CODE_SIGN_STYLE = Automatic;
				DEVELOPMENT_TEAM = 94YR9P5NL6;
				INFOPLIST_FILE = OnTheMapTests/Info.plist;
				IPHONEOS_DEPLOYMENT_TARGET = 13.2;
				LD_RUNPATH_SEARCH_PATHS = (
					"$(inherited)",
					"@executable_path/Frameworks",
					"@loader_path/Frameworks",
				);
				PRODUCT_BUNDLE_IDENTIFIER = com.OnTheMap.OnTheMapTests;
				PRODUCT_NAME = "$(TARGET_NAME)";
				SWIFT_VERSION = 5.0;
				TARGETED_DEVICE_FAMILY = "1,2";
				TEST_HOST = "$(BUILT_PRODUCTS_DIR)/OnTheMap.app/OnTheMap";
			};
			name = Debug;
		};
		BF24B7AF24B8E77800148FDE /* Release */ = {
			isa = XCBuildConfiguration;
			buildSettings = {
				ALWAYS_EMBED_SWIFT_STANDARD_LIBRARIES = YES;
				BUNDLE_LOADER = "$(TEST_HOST)";
				CODE_SIGN_STYLE = Automatic;
				DEVELOPMENT_TEAM = 94YR9P5NL6;
				INFOPLIST_FILE = OnTheMapTests/Info.plist;
				IPHONEOS_DEPLOYMENT_TARGET = 13.2;
				LD_RUNPATH_SEARCH_PATHS = (
					"$(inherited)",
					"@executable_path/Frameworks",
					"@loader_path/Frameworks",
				);
				PRODUCT_BUNDLE_IDENTIFIER = com.OnTheMap.OnTheMapTests;
				PRODUCT_NAME = "$(TARGET_NAME)";
				SWIFT_VERSION = 5.0;
				TARGETED_DEVICE_FAMILY = "1,2";
				TEST_HOST = "$(BUILT_PRODUCTS_DIR)/OnTheMap.app/OnTheMap";
			};
			name = Release;
		};
		BF24B7B124B8E77800148FDE /* Debug */ = {
			isa = XCBuildConfiguration;
			buildSettings = {
				ALWAYS_EMBED_SWIFT_STANDARD_LIBRARIES = YES;
				CODE_SIGN_STYLE = Automatic;
				DEVELOPMENT_TEAM = 94YR9P5NL6;
				INFOPLIST_FILE = OnTheMapUITests/Info.plist;
				LD_RUNPATH_SEARCH_PATHS = (
					"$(inherited)",
					"@executable_path/Frameworks",
					"@loader_path/Frameworks",
				);
				PRODUCT_BUNDLE_IDENTIFIER = com.OnTheMap.OnTheMapUITests;
				PRODUCT_NAME = "$(TARGET_NAME)";
				SWIFT_VERSION = 5.0;
				TARGETED_DEVICE_FAMILY = "1,2";
				TEST_TARGET_NAME = OnTheMap;
			};
			name = Debug;
		};
		BF24B7B224B8E77800148FDE /* Release */ = {
			isa = XCBuildConfiguration;
			buildSettings = {
				ALWAYS_EMBED_SWIFT_STANDARD_LIBRARIES = YES;
				CODE_SIGN_STYLE = Automatic;
				DEVELOPMENT_TEAM = 94YR9P5NL6;
				INFOPLIST_FILE = OnTheMapUITests/Info.plist;
				LD_RUNPATH_SEARCH_PATHS = (
					"$(inherited)",
					"@executable_path/Frameworks",
					"@loader_path/Frameworks",
				);
				PRODUCT_BUNDLE_IDENTIFIER = com.OnTheMap.OnTheMapUITests;
				PRODUCT_NAME = "$(TARGET_NAME)";
				SWIFT_VERSION = 5.0;
				TARGETED_DEVICE_FAMILY = "1,2";
				TEST_TARGET_NAME = OnTheMap;
			};
			name = Release;
		};
/* End XCBuildConfiguration section */

/* Begin XCConfigurationList section */
		BF24B77824B8E77400148FDE /* Build configuration list for PBXProject "OnTheMap" */ = {
			isa = XCConfigurationList;
			buildConfigurations = (
				BF24B7A824B8E77800148FDE /* Debug */,
				BF24B7A924B8E77800148FDE /* Release */,
			);
			defaultConfigurationIsVisible = 0;
			defaultConfigurationName = Release;
		};
		BF24B7AA24B8E77800148FDE /* Build configuration list for PBXNativeTarget "OnTheMap" */ = {
			isa = XCConfigurationList;
			buildConfigurations = (
				BF24B7AB24B8E77800148FDE /* Debug */,
				BF24B7AC24B8E77800148FDE /* Release */,
			);
			defaultConfigurationIsVisible = 0;
			defaultConfigurationName = Release;
		};
		BF24B7AD24B8E77800148FDE /* Build configuration list for PBXNativeTarget "OnTheMapTests" */ = {
			isa = XCConfigurationList;
			buildConfigurations = (
				BF24B7AE24B8E77800148FDE /* Debug */,
				BF24B7AF24B8E77800148FDE /* Release */,
			);
			defaultConfigurationIsVisible = 0;
			defaultConfigurationName = Release;
		};
		BF24B7B024B8E77800148FDE /* Build configuration list for PBXNativeTarget "OnTheMapUITests" */ = {
			isa = XCConfigurationList;
			buildConfigurations = (
				BF24B7B124B8E77800148FDE /* Debug */,
				BF24B7B224B8E77800148FDE /* Release */,
			);
			defaultConfigurationIsVisible = 0;
			defaultConfigurationName = Release;
		};
/* End XCConfigurationList section */

/* Begin XCVersionGroup section */
		BF24B78924B8E77400148FDE /* OnTheMap.xcdatamodeld */ = {
			isa = XCVersionGroup;
			children = (
				BF24B78A24B8E77400148FDE /* OnTheMap.xcdatamodel */,
			);
			currentVersion = BF24B78A24B8E77400148FDE /* OnTheMap.xcdatamodel */;
			path = OnTheMap.xcdatamodeld;
			sourceTree = "<group>";
			versionGroupType = wrapper.xcdatamodel;
		};
/* End XCVersionGroup section */
	};
	rootObject = BF24B77524B8E77400148FDE /* Project object */;
}
